# @generated - this file is auto-generated by `mise lock` https://mise.en.dev/dev-tools/mise-lock.html

[[tools."cargo-prebuilt:cargo-edit"]]
version = "0.13.10"
backend = "cargo-prebuilt"

[[tools."cargo:cargo-about"]]
version = "0.8.4"
backend = "cargo:cargo-about"

[[tools."github:EmbarkStudios/cargo-about"]]
version = "0.9.0"
backend = "github:EmbarkStudios/cargo-about"

[tools."github:EmbarkStudios/cargo-about"."platforms.linux-arm64"]
checksum = "sha256:46b202700ea136066cdaca38180da9ab4e7d7534b3418546de858ae0aee4a1cb"
url = "https://github.com/EmbarkStudios/cargo-about/releases/download/0.9.0/cargo-about-0.9.0-aarch64-unknown-linux-musl.tar.gz"
url_api = "https://api.github.com/repos/EmbarkStudios/cargo-about/releases/assets/404479807"

[tools."github:EmbarkStudios/cargo-about"."platforms.linux-arm64-musl"]
checksum = "sha256:46b202700ea136066cdaca38180da9ab4e7d7534b3418546de858ae0aee4a1cb"
url = "https://github.com/EmbarkStudios/cargo-about/releases/download/0.9.0/cargo-about-0.9.0-aarch64-unknown-linux-musl.tar.gz"
url_api = "https://api.github.com/repos/EmbarkStudios/cargo-about/releases/assets/404479807"

[tools."github:EmbarkStudios/cargo-about"."platforms.linux-x64"]
checksum = "sha256:7a1a1bfb3ae3b6feabe9e1d6147a6b34b85bd0339bfd8b0ec11b312dee10d99a"
url = "https://github.com/EmbarkStudios/cargo-about/releases/download/0.9.0/cargo-about-0.9.0-x86_64-unknown-linux-musl.tar.gz"
url_api = "https://api.github.com/repos/EmbarkStudios/cargo-about/releases/assets/404479739"

[tools."github:EmbarkStudios/cargo-about"."platforms.linux-x64-musl"]
checksum = "sha256:7a1a1bfb3ae3b6feabe9e1d6147a6b34b85bd0339bfd8b0ec11b312dee10d99a"
url = "https://github.com/EmbarkStudios/cargo-about/releases/download/0.9.0/cargo-about-0.9.0-x86_64-unknown-linux-musl.tar.gz"
url_api = "https://api.github.com/repos/EmbarkStudios/cargo-about/releases/assets/404479739"

[tools."github:EmbarkStudios/cargo-about"."platforms.macos-arm64"]
checksum = "sha256:4e1cfc5d58b733f6def1741fc888b435cdb2996da5c2c4547ed36cba191667f6"
url = "https://github.com/EmbarkStudios/cargo-about/releases/download/0.9.0/cargo-about-0.9.0-aarch64-apple-darwin.tar.gz"
url_api = "https://api.github.com/repos/EmbarkStudios/cargo-about/releases/assets/404479394"

[tools."github:EmbarkStudios/cargo-about"."platforms.windows-x64"]
checksum = "sha256:87daca52ad79980b42b2de6acdec84e143be41e2d4bbebedba0d0c90c49b055a"
url = "https://github.com/EmbarkStudios/cargo-about/releases/download/0.9.0/cargo-about-0.9.0-x86_64-pc-windows-msvc.tar.gz"
url_api = "https://api.github.com/repos/EmbarkStudios/cargo-about/releases/assets/404481100"

[[tools."github:sevenc-nanashi/aviutl2-cli"]]
version = "0.7.0"
backend = "github:sevenc-nanashi/aviutl2-cli"

[tools."github:sevenc-nanashi/aviutl2-cli"."platforms.linux-arm64"]
checksum = "sha256:2b7e9cd68544ed6f046409c5b222f30841d303e86810efbe92d0c8157d89e914"
url = "https://github.com/sevenc-nanashi/aviutl2-cli/releases/download/0.7.0/au2-v0.7.0-linux"
url_api = "https://api.github.com/repos/sevenc-nanashi/aviutl2-cli/releases/assets/364138885"

[tools."github:sevenc-nanashi/aviutl2-cli"."platforms.linux-arm64-musl"]
checksum = "sha256:2b7e9cd68544ed6f046409c5b222f30841d303e86810efbe92d0c8157d89e914"
url = "https://github.com/sevenc-nanashi/aviutl2-cli/releases/download/0.7.0/au2-v0.7.0-linux"
url_api = "https://api.github.com/repos/sevenc-nanashi/aviutl2-cli/releases/assets/364138885"

[tools."github:sevenc-nanashi/aviutl2-cli"."platforms.linux-x64"]
checksum = "sha256:2b7e9cd68544ed6f046409c5b222f30841d303e86810efbe92d0c8157d89e914"
url = "https://github.com/sevenc-nanashi/aviutl2-cli/releases/download/0.7.0/au2-v0.7.0-linux"
url_api = "https://api.github.com/repos/sevenc-nanashi/aviutl2-cli/releases/assets/364138885"

[tools."github:sevenc-nanashi/aviutl2-cli"."platforms.linux-x64-musl"]
checksum = "sha256:2b7e9cd68544ed6f046409c5b222f30841d303e86810efbe92d0c8157d89e914"
url = "https://github.com/sevenc-nanashi/aviutl2-cli/releases/download/0.7.0/au2-v0.7.0-linux"
url_api = "https://api.github.com/repos/sevenc-nanashi/aviutl2-cli/releases/assets/364138885"

[tools."github:sevenc-nanashi/aviutl2-cli"."platforms.windows-x64"]
checksum = "sha256:2154f8f79d16cecbb5c6f0e647fe2eb3ae4352287957aee112c8ddffdd5c3c41"
url = "https://github.com/sevenc-nanashi/aviutl2-cli/releases/download/0.7.0/au2-v0.7.0-windows.exe"
url_api = "https://api.github.com/repos/sevenc-nanashi/aviutl2-cli/releases/assets/364138860"
